// !$*UTF8*$!
{
	archiveVersion = 1;
	classes = {
	};
	objectVersion = 46;
	objects = {

/* Begin PBXBuildFile section */
		154C7600B8744B0FBF9906B1 /* libPods.a in Frameworks */ = {isa = PBXBuildFile; fileRef = 54DE6ECAD6734E35B869CA47 /* libPods.a */; };
		B5371070DAC84C718AF4354F /* libPods-ExampleTests.a in Frameworks */ = {isa = PBXBuildFile; fileRef = 35BC1C3B1BED486088367058 /* libPods-ExampleTests.a */; };
		C785CFB118F89EFE00F8AC16 /* Foundation.framework in Frameworks */ = {isa = PBXBuildFile; fileRef = C785CFB018F89EFE00F8AC16 /* Foundation.framework */; };
		C785CFB318F89EFE00F8AC16 /* CoreGraphics.framework in Frameworks */ = {isa = PBXBuildFile; fileRef = C785CFB218F89EFE00F8AC16 /* CoreGraphics.framework */; };
		C785CFB518F89EFE00F8AC16 /* UIKit.framework in Frameworks */ = {isa = PBXBuildFile; fileRef = C785CFB418F89EFE00F8AC16 /* UIKit.framework */; };
		C785CFE618F89F2500F8AC16 /* RPAppDelegate.m in Sources */ = {isa = PBXBuildFile; fileRef = C785CFE118F89F2500F8AC16 /* RPAppDelegate.m */; };
		C785CFE818F89F2500F8AC16 /* main.m in Sources */ = {isa = PBXBuildFile; fileRef = C785CFE518F89F2500F8AC16 /* main.m */; };
		C785CFF118F97DA400F8AC16 /* RPImageUploaderViewModel.m in Sources */ = {isa = PBXBuildFile; fileRef = C785CFF018F97DA400F8AC16 /* RPImageUploaderViewModel.m */; };
		C785CFF418F9809900F8AC16 /* RPImageUploaderView.m in Sources */ = {isa = PBXBuildFile; fileRef = C785CFF318F9809900F8AC16 /* RPImageUploaderView.m */; };
		C785CFF918F9847900F8AC16 /* RPExampleViewController.m in Sources */ = {isa = PBXBuildFile; fileRef = C785CFF718F9847900F8AC16 /* RPExampleViewController.m */; };
		C785CFFF18F9971E00F8AC16 /* RPImageUploader.m in Sources */ = {isa = PBXBuildFile; fileRef = C785CFFE18F9971E00F8AC16 /* RPImageUploader.m */; };
		C785D00118F9E56A00F8AC16 /* example.png in Resources */ = {isa = PBXBuildFile; fileRef = C785D00018F9E56A00F8AC16 /* example.png */; };
		C78E33821901B75200C88F11 /* RPPImageUploaderSpec.m in Sources */ = {isa = PBXBuildFile; fileRef = C78E33811901B75200C88F11 /* RPPImageUploaderSpec.m */; };
		C78E33841901B96400C88F11 /* RPMockImageUploaderViewModel.m in Sources */ = {isa = PBXBuildFile; fileRef = C78E33831901B96400C88F11 /* RPMockImageUploaderViewModel.m */; };
		C78E33851901EBC900C88F11 /* example.png in Resources */ = {isa = PBXBuildFile; fileRef = C785D00018F9E56A00F8AC16 /* example.png */; };
		C78E33871901F4BF00C88F11 /* RPImageUploaderViewModelSpec.m in Sources */ = {isa = PBXBuildFile; fileRef = C78E33861901F4BF00C88F11 /* RPImageUploaderViewModelSpec.m */; };
		C78E33881901F51A00C88F11 /* RPImageUploaderViewModel.m in Sources */ = {isa = PBXBuildFile; fileRef = C785CFF018F97DA400F8AC16 /* RPImageUploaderViewModel.m */; };
		C78E33891901F51D00C88F11 /* RPImageUploader.m in Sources */ = {isa = PBXBuildFile; fileRef = C785CFFE18F9971E00F8AC16 /* RPImageUploader.m */; };
		C7D239C41901B3C40079ACEA /* XCTest.framework in Frameworks */ = {isa = PBXBuildFile; fileRef = C785CFC918F89EFF00F8AC16 /* XCTest.framework */; };
		C7D239C51901B3C40079ACEA /* Foundation.framework in Frameworks */ = {isa = PBXBuildFile; fileRef = C785CFB018F89EFE00F8AC16 /* Foundation.framework */; };
		C7D239C61901B3C40079ACEA /* UIKit.framework in Frameworks */ = {isa = PBXBuildFile; fileRef = C785CFB418F89EFE00F8AC16 /* UIKit.framework */; };
/* End PBXBuildFile section */

/* Begin PBXContainerItemProxy section */
		C7D239D01901B3C40079ACEA /* PBXContainerItemProxy */ = {
			isa = PBXContainerItemProxy;
			containerPortal = C785CFA518F89EFE00F8AC16 /* Project object */;
			proxyType = 1;
			remoteGlobalIDString = C785CFAC18F89EFE00F8AC16;
			remoteInfo = Example;
		};
/* End PBXContainerItemProxy section */

/* Begin PBXFileReference section */
		151D9C0A4E7F4D57B30A5AAD /* Pods.xcconfig */ = {isa = PBXFileReference; includeInIndex = 1; lastKnownFileType = text.xcconfig; name = Pods.xcconfig; path = Pods/Pods.xcconfig; sourceTree = "<group>"; };
		35BC1C3B1BED486088367058 /* libPods-ExampleTests.a */ = {isa = PBXFileReference; explicitFileType = archive.ar; includeInIndex = 0; path = "libPods-ExampleTests.a"; sourceTree = BUILT_PRODUCTS_DIR; };
		54DE6ECAD6734E35B869CA47 /* libPods.a */ = {isa = PBXFileReference; explicitFileType = archive.ar; includeInIndex = 0; path = libPods.a; sourceTree = BUILT_PRODUCTS_DIR; };
		C785CFAD18F89EFE00F8AC16 /* Example.app */ = {isa = PBXFileReference; explicitFileType = wrapper.application; includeInIndex = 0; path = Example.app; sourceTree = BUILT_PRODUCTS_DIR; };
		C785CFB018F89EFE00F8AC16 /* Foundation.framework */ = {isa = PBXFileReference; lastKnownFileType = wrapper.framework; name = Foundation.framework; path = System/Library/Frameworks/Foundation.framework; sourceTree = SDKROOT; };
		C785CFB218F89EFE00F8AC16 /* CoreGraphics.framework */ = {isa = PBXFileReference; lastKnownFileType = wrapper.framework; name = CoreGraphics.framework; path = System/Library/Frameworks/CoreGraphics.framework; sourceTree = SDKROOT; };
		C785CFB418F89EFE00F8AC16 /* UIKit.framework */ = {isa = PBXFileReference; lastKnownFileType = wrapper.framework; name = UIKit.framework; path = System/Library/Frameworks/UIKit.framework; sourceTree = SDKROOT; };
		C785CFC918F89EFF00F8AC16 /* XCTest.framework */ = {isa = PBXFileReference; lastKnownFileType = wrapper.framework; name = XCTest.framework; path = Library/Frameworks/XCTest.framework; sourceTree = DEVELOPER_DIR; };
		C785CFE018F89F2500F8AC16 /* RPAppDelegate.h */ = {isa = PBXFileReference; fileEncoding = 4; lastKnownFileType = sourcecode.c.h; path = RPAppDelegate.h; sourceTree = "<group>"; };
		C785CFE118F89F2500F8AC16 /* RPAppDelegate.m */ = {isa = PBXFileReference; fileEncoding = 4; lastKnownFileType = sourcecode.c.objc; path = RPAppDelegate.m; sourceTree = "<group>"; };
		C785CFE318F89F2500F8AC16 /* Example-Info.plist */ = {isa = PBXFileReference; fileEncoding = 4; lastKnownFileType = text.plist.xml; path = "Example-Info.plist"; sourceTree = "<group>"; };
		C785CFE418F89F2500F8AC16 /* Example-Prefix.pch */ = {isa = PBXFileReference; fileEncoding = 4; lastKnownFileType = sourcecode.c.h; path = "Example-Prefix.pch"; sourceTree = "<group>"; };
		C785CFE518F89F2500F8AC16 /* main.m */ = {isa = PBXFileReference; fileEncoding = 4; lastKnownFileType = sourcecode.c.objc; path = main.m; sourceTree = "<group>"; };
		C785CFEF18F97DA400F8AC16 /* RPImageUploaderViewModel.h */ = {isa = PBXFileReference; fileEncoding = 4; lastKnownFileType = sourcecode.c.h; path = RPImageUploaderViewModel.h; sourceTree = "<group>"; };
		C785CFF018F97DA400F8AC16 /* RPImageUploaderViewModel.m */ = {isa = PBXFileReference; fileEncoding = 4; lastKnownFileType = sourcecode.c.objc; path = RPImageUploaderViewModel.m; sourceTree = "<group>"; };
		C785CFF218F9809900F8AC16 /* RPImageUploaderView.h */ = {isa = PBXFileReference; fileEncoding = 4; lastKnownFileType = sourcecode.c.h; path = RPImageUploaderView.h; sourceTree = "<group>"; };
		C785CFF318F9809900F8AC16 /* RPImageUploaderView.m */ = {isa = PBXFileReference; fileEncoding = 4; lastKnownFileType = sourcecode.c.objc; path = RPImageUploaderView.m; sourceTree = "<group>"; };
		C785CFF618F9847900F8AC16 /* RPExampleViewController.h */ = {isa = PBXFileReference; fileEncoding = 4; lastKnownFileType = sourcecode.c.h; path = RPExampleViewController.h; sourceTree = "<group>"; };
		C785CFF718F9847900F8AC16 /* RPExampleViewController.m */ = {isa = PBXFileReference; fileEncoding = 4; lastKnownFileType = sourcecode.c.objc; path = RPExampleViewController.m; sourceTree = "<group>"; };
		C785CFFD18F9971E00F8AC16 /* RPImageUploader.h */ = {isa = PBXFileReference; fileEncoding = 4; lastKnownFileType = sourcecode.c.h; path = RPImageUploader.h; sourceTree = "<group>"; };
		C785CFFE18F9971E00F8AC16 /* RPImageUploader.m */ = {isa = PBXFileReference; fileEncoding = 4; lastKnownFileType = sourcecode.c.objc; path = RPImageUploader.m; sourceTree = "<group>"; };
		C785D00018F9E56A00F8AC16 /* example.png */ = {isa = PBXFileReference; lastKnownFileType = image.png; path = example.png; sourceTree = "<group>"; };
		C78E337B1901B6EE00C88F11 /* RPMockImageUploaderViewModel.h */ = {isa = PBXFileReference; fileEncoding = 4; lastKnownFileType = sourcecode.c.h; path = RPMockImageUploaderViewModel.h; sourceTree = "<group>"; };
		C78E337D1901B6EE00C88F11 /* ExampleTests-Info.plist */ = {isa = PBXFileReference; fileEncoding = 4; lastKnownFileType = text.plist.xml; path = "ExampleTests-Info.plist"; sourceTree = "<group>"; };
		C78E33811901B75200C88F11 /* RPPImageUploaderSpec.m */ = {isa = PBXFileReference; fileEncoding = 4; lastKnownFileType = sourcecode.c.objc; path = RPPImageUploaderSpec.m; sourceTree = "<group>"; };
		C78E33831901B96400C88F11 /* RPMockImageUploaderViewModel.m */ = {isa = PBXFileReference; fileEncoding = 4; lastKnownFileType = sourcecode.c.objc; path = RPMockImageUploaderViewModel.m; sourceTree = "<group>"; };
		C78E33861901F4BF00C88F11 /* RPImageUploaderViewModelSpec.m */ = {isa = PBXFileReference; fileEncoding = 4; lastKnownFileType = sourcecode.c.objc; path = RPImageUploaderViewModelSpec.m; sourceTree = "<group>"; };
		C7D239C31901B3C40079ACEA /* ExampleTests.xctest */ = {isa = PBXFileReference; explicitFileType = wrapper.cfbundle; includeInIndex = 0; path = ExampleTests.xctest; sourceTree = BUILT_PRODUCTS_DIR; };
		FB232E86C22D4EB28DABDA52 /* Pods-ExampleTests.xcconfig */ = {isa = PBXFileReference; includeInIndex = 1; lastKnownFileType = text.xcconfig; name = "Pods-ExampleTests.xcconfig"; path = "Pods/Pods-ExampleTests.xcconfig"; sourceTree = "<group>"; };
/* End PBXFileReference section */

/* Begin PBXFrameworksBuildPhase section */
		C785CFAA18F89EFE00F8AC16 /* Frameworks */ = {
			isa = PBXFrameworksBuildPhase;
			buildActionMask = 2147483647;
			files = (
				C785CFB318F89EFE00F8AC16 /* CoreGraphics.framework in Frameworks */,
				C785CFB518F89EFE00F8AC16 /* UIKit.framework in Frameworks */,
				C785CFB118F89EFE00F8AC16 /* Foundation.framework in Frameworks */,
				154C7600B8744B0FBF9906B1 /* libPods.a in Frameworks */,
			);
			runOnlyForDeploymentPostprocessing = 0;
		};
		C7D239C01901B3C40079ACEA /* Frameworks */ = {
			isa = PBXFrameworksBuildPhase;
			buildActionMask = 2147483647;
			files = (
				C7D239C41901B3C40079ACEA /* XCTest.framework in Frameworks */,
				C7D239C61901B3C40079ACEA /* UIKit.framework in Frameworks */,
				C7D239C51901B3C40079ACEA /* Foundation.framework in Frameworks */,
				B5371070DAC84C718AF4354F /* libPods-ExampleTests.a in Frameworks */,
			);
			runOnlyForDeploymentPostprocessing = 0;
		};
/* End PBXFrameworksBuildPhase section */

/* Begin PBXGroup section */
		C785CFA418F89EFE00F8AC16 = {
			isa = PBXGroup;
			children = (
				C785CFB618F89EFE00F8AC16 /* Example */,
				C7D239C71901B3C40079ACEA /* ExampleTests */,
				C785CFAF18F89EFE00F8AC16 /* Frameworks */,
				C785CFAE18F89EFE00F8AC16 /* Products */,
				151D9C0A4E7F4D57B30A5AAD /* Pods.xcconfig */,
				FB232E86C22D4EB28DABDA52 /* Pods-ExampleTests.xcconfig */,
			);
			indentWidth = 4;
			sourceTree = "<group>";
			tabWidth = 4;
			usesTabs = 0;
		};
		C785CFAE18F89EFE00F8AC16 /* Products */ = {
			isa = PBXGroup;
			children = (
				C785CFAD18F89EFE00F8AC16 /* Example.app */,
				C7D239C31901B3C40079ACEA /* ExampleTests.xctest */,
			);
			name = Products;
			sourceTree = "<group>";
		};
		C785CFAF18F89EFE00F8AC16 /* Frameworks */ = {
			isa = PBXGroup;
			children = (
				C785CFB018F89EFE00F8AC16 /* Foundation.framework */,
				C785CFB218F89EFE00F8AC16 /* CoreGraphics.framework */,
				C785CFB418F89EFE00F8AC16 /* UIKit.framework */,
				C785CFC918F89EFF00F8AC16 /* XCTest.framework */,
				54DE6ECAD6734E35B869CA47 /* libPods.a */,
				35BC1C3B1BED486088367058 /* libPods-ExampleTests.a */,
			);
			name = Frameworks;
			sourceTree = "<group>";
		};
		C785CFB618F89EFE00F8AC16 /* Example */ = {
			isa = PBXGroup;
			children = (
				C785CFF518F9846400F8AC16 /* ViewControllers */,
				C785CFEE18F97D6600F8AC16 /* ImageUpload */,
				C785CFDF18F89F2500F8AC16 /* App Delegate */,
				C785CFE218F89F2500F8AC16 /* Supporting Files */,
			);
			path = Example;
			sourceTree = "<group>";
		};
		C785CFDF18F89F2500F8AC16 /* App Delegate */ = {
			isa = PBXGroup;
			children = (
				C785CFE018F89F2500F8AC16 /* RPAppDelegate.h */,
				C785CFE118F89F2500F8AC16 /* RPAppDelegate.m */,
			);
			path = "App Delegate";
			sourceTree = "<group>";
		};
		C785CFE218F89F2500F8AC16 /* Supporting Files */ = {
			isa = PBXGroup;
			children = (
				C785D00018F9E56A00F8AC16 /* example.png */,
				C785CFE318F89F2500F8AC16 /* Example-Info.plist */,
				C785CFE418F89F2500F8AC16 /* Example-Prefix.pch */,
				C785CFE518F89F2500F8AC16 /* main.m */,
			);
			path = "Supporting Files";
			sourceTree = "<group>";
		};
		C785CFEE18F97D6600F8AC16 /* ImageUpload */ = {
			isa = PBXGroup;
			children = (
				C785CFFD18F9971E00F8AC16 /* RPImageUploader.h */,
				C785CFFE18F9971E00F8AC16 /* RPImageUploader.m */,
				C785CFEF18F97DA400F8AC16 /* RPImageUploaderViewModel.h */,
				C785CFF018F97DA400F8AC16 /* RPImageUploaderViewModel.m */,
				C785CFF218F9809900F8AC16 /* RPImageUploaderView.h */,
				C785CFF318F9809900F8AC16 /* RPImageUploaderView.m */,
			);
			path = ImageUpload;
			sourceTree = "<group>";
		};
		C785CFF518F9846400F8AC16 /* ViewControllers */ = {
			isa = PBXGroup;
			children = (
				C785CFF618F9847900F8AC16 /* RPExampleViewController.h */,
				C785CFF718F9847900F8AC16 /* RPExampleViewController.m */,
			);
			path = ViewControllers;
			sourceTree = "<group>";
		};
		C78E33791901B6EE00C88F11 /* Mock Objects */ = {
			isa = PBXGroup;
			children = (
				C78E337B1901B6EE00C88F11 /* RPMockImageUploaderViewModel.h */,
				C78E33831901B96400C88F11 /* RPMockImageUploaderViewModel.m */,
			);
			path = "Mock Objects";
			sourceTree = "<group>";
		};
		C78E337C1901B6EE00C88F11 /* Supporting Files */ = {
			isa = PBXGroup;
			children = (
				C78E337D1901B6EE00C88F11 /* ExampleTests-Info.plist */,
			);
			path = "Supporting Files";
			sourceTree = "<group>";
		};
		C78E33801901B74700C88F11 /* ImageUploader Tests */ = {
			isa = PBXGroup;
			children = (
				C78E33811901B75200C88F11 /* RPPImageUploaderSpec.m */,
				C78E33861901F4BF00C88F11 /* RPImageUploaderViewModelSpec.m */,
			);
			path = "ImageUploader Tests";
			sourceTree = "<group>";
		};
		C7D239C71901B3C40079ACEA /* ExampleTests */ = {
			isa = PBXGroup;
			children = (
				C78E33801901B74700C88F11 /* ImageUploader Tests */,
				C78E33791901B6EE00C88F11 /* Mock Objects */,
				C78E337C1901B6EE00C88F11 /* Supporting Files */,
			);
			path = ExampleTests;
			sourceTree = "<group>";
		};
/* End PBXGroup section */

/* Begin PBXNativeTarget section */
		C785CFAC18F89EFE00F8AC16 /* Example */ = {
			isa = PBXNativeTarget;
			buildConfigurationList = C785CFD918F89EFF00F8AC16 /* Build configuration list for PBXNativeTarget "Example" */;
			buildPhases = (
				E903D56412B7406C8FB603A6 /* Check Pods Manifest.lock */,
				C785CFA918F89EFE00F8AC16 /* Sources */,
				C785CFAA18F89EFE00F8AC16 /* Frameworks */,
				C785CFAB18F89EFE00F8AC16 /* Resources */,
				1F6C33B45CBD47DFB74F482D /* Copy Pods Resources */,
				B5DADC3E28CB4116A222476D /* Warn for TODO and FIXME comments */,
			);
			buildRules = (
			);
			dependencies = (
			);
			name = Example;
			productName = Example;
			productReference = C785CFAD18F89EFE00F8AC16 /* Example.app */;
			productType = "com.apple.product-type.application";
		};
		C7D239C21901B3C40079ACEA /* ExampleTests */ = {
			isa = PBXNativeTarget;
			buildConfigurationList = C7D239D21901B3C40079ACEA /* Build configuration list for PBXNativeTarget "ExampleTests" */;
			buildPhases = (
				CECCA2C271324A0F8615E579 /* Check Pods Manifest.lock */,
				C7D239BF1901B3C40079ACEA /* Sources */,
				C7D239C01901B3C40079ACEA /* Frameworks */,
				C7D239C11901B3C40079ACEA /* Resources */,
				858A92323DB2487FBC9C2F7E /* Copy Pods Resources */,
			);
			buildRules = (
			);
			dependencies = (
				C7D239D11901B3C40079ACEA /* PBXTargetDependency */,
			);
			name = ExampleTests;
			productName = ExampleTests;
			productReference = C7D239C31901B3C40079ACEA /* ExampleTests.xctest */;
			productType = "com.apple.product-type.bundle.unit-test";
		};
/* End PBXNativeTarget section */

/* Begin PBXProject section */
		C785CFA518F89EFE00F8AC16 /* Project object */ = {
			isa = PBXProject;
			attributes = {
				CLASSPREFIX = RP;
				LastUpgradeCheck = 0510;
				ORGANIZATIONNAME = "Rui Peres";
				TargetAttributes = {
					C7D239C21901B3C40079ACEA = {
						TestTargetID = C785CFAC18F89EFE00F8AC16;
					};
				};
			};
			buildConfigurationList = C785CFA818F89EFE00F8AC16 /* Build configuration list for PBXProject "Example" */;
			compatibilityVersion = "Xcode 3.2";
			developmentRegion = English;
			hasScannedForEncodings = 0;
			knownRegions = (
				en,
			);
			mainGroup = C785CFA418F89EFE00F8AC16;
			productRefGroup = C785CFAE18F89EFE00F8AC16 /* Products */;
			projectDirPath = "";
			projectRoot = "";
			targets = (
				C785CFAC18F89EFE00F8AC16 /* Example */,
				C7D239C21901B3C40079ACEA /* ExampleTests */,
			);
		};
/* End PBXProject section */

/* Begin PBXResourcesBuildPhase section */
		C785CFAB18F89EFE00F8AC16 /* Resources */ = {
			isa = PBXResourcesBuildPhase;
			buildActionMask = 2147483647;
			files = (
				C785D00118F9E56A00F8AC16 /* example.png in Resources */,
			);
			runOnlyForDeploymentPostprocessing = 0;
		};
		C7D239C11901B3C40079ACEA /* Resources */ = {
			isa = PBXResourcesBuildPhase;
			buildActionMask = 2147483647;
			files = (
				C78E33851901EBC900C88F11 /* example.png in Resources */,
			);
			runOnlyForDeploymentPostprocessing = 0;
		};
/* End PBXResourcesBuildPhase section */

/* Begin PBXShellScriptBuildPhase section */
		1F6C33B45CBD47DFB74F482D /* Copy Pods Resources */ = {
			isa = PBXShellScriptBuildPhase;
			buildActionMask = 2147483647;
			files = (
			);
			inputPaths = (
			);
			name = "Copy Pods Resources";
			outputPaths = (
			);
			runOnlyForDeploymentPostprocessing = 0;
			shellPath = /bin/sh;
			shellScript = "\"${SRCROOT}/Pods/Pods-resources.sh\"\n";
			showEnvVarsInLog = 0;
		};
		858A92323DB2487FBC9C2F7E /* Copy Pods Resources */ = {
			isa = PBXShellScriptBuildPhase;
			buildActionMask = 2147483647;
			files = (
			);
			inputPaths = (
			);
			name = "Copy Pods Resources";
			outputPaths = (
			);
			runOnlyForDeploymentPostprocessing = 0;
			shellPath = /bin/sh;
			shellScript = "\"${SRCROOT}/Pods/Pods-ExampleTests-resources.sh\"\n";
			showEnvVarsInLog = 0;
		};
		B5DADC3E28CB4116A222476D /* Warn for TODO and FIXME comments */ = {
			isa = PBXShellScriptBuildPhase;
			buildActionMask = 2147483647;
			files = (
			);
			inputPaths = (
			);
			name = "Warn for TODO and FIXME comments";
			outputPaths = (
			);
			runOnlyForDeploymentPostprocessing = 0;
			shellPath = /bin/sh;
			shellScript = "KEYWORDS=\"TODO:|FIXME:|\\?\\?\\?:|\\!\\!\\!:\"\nFILE_EXTENSIONS=\"h|m|mm|c|cpp\"\nfind -E \"${SRCROOT}\" -ipath \"${SRCROOT}/pods\" -prune -o \\( -regex \".*\\.($FILE_EXTENSIONS)$\" \\) -print0 | xargs -0 egrep --with-filename --line-number --only-matching \"($KEYWORDS).*\\$\" | perl -p -e \"s/($KEYWORDS)/ warning: \\$1/\"\n";
		};
		CECCA2C271324A0F8615E579 /* Check Pods Manifest.lock */ = {
			isa = PBXShellScriptBuildPhase;
			buildActionMask = 2147483647;
			files = (
			);
			inputPaths = (
			);
			name = "Check Pods Manifest.lock";
			outputPaths = (
			);
			runOnlyForDeploymentPostprocessing = 0;
			shellPath = /bin/sh;
			shellScript = "diff \"${PODS_ROOT}/../Podfile.lock\" \"${PODS_ROOT}/Manifest.lock\" > /dev/null\nif [[ $? != 0 ]] ; then\n    cat << EOM\nerror: The sandbox is not in sync with the Podfile.lock. Run 'pod install' or update your CocoaPods installation.\nEOM\n    exit 1\nfi\n";
			showEnvVarsInLog = 0;
		};
		E903D56412B7406C8FB603A6 /* Check Pods Manifest.lock */ = {
			isa = PBXShellScriptBuildPhase;
			buildActionMask = 2147483647;
			files = (
			);
			inputPaths = (
			);
			name = "Check Pods Manifest.lock";
			outputPaths = (
			);
			runOnlyForDeploymentPostprocessing = 0;
			shellPath = /bin/sh;
			shellScript = "diff \"${PODS_ROOT}/../Podfile.lock\" \"${PODS_ROOT}/Manifest.lock\" > /dev/null\nif [[ $? != 0 ]] ; then\n    cat << EOM\nerror: The sandbox is not in sync with the Podfile.lock. Run 'pod install' or update your CocoaPods installation.\nEOM\n    exit 1\nfi\n";
			showEnvVarsInLog = 0;
		};
/* End PBXShellScriptBuildPhase section */

/* Begin PBXSourcesBuildPhase section */
		C785CFA918F89EFE00F8AC16 /* Sources */ = {
			isa = PBXSourcesBuildPhase;
			buildActionMask = 2147483647;
			files = (
				C785CFF118F97DA400F8AC16 /* RPImageUploaderViewModel.m in Sources */,
				C785CFE818F89F2500F8AC16 /* main.m in Sources */,
				C785CFF918F9847900F8AC16 /* RPExampleViewController.m in Sources */,
				C785CFE618F89F2500F8AC16 /* RPAppDelegate.m in Sources */,
				C785CFF418F9809900F8AC16 /* RPImageUploaderView.m in Sources */,
				C785CFFF18F9971E00F8AC16 /* RPImageUploader.m in Sources */,
			);
			runOnlyForDeploymentPostprocessing = 0;
		};
		C7D239BF1901B3C40079ACEA /* Sources */ = {
			isa = PBXSourcesBuildPhase;
			buildActionMask = 2147483647;
			files = (
				C78E33841901B96400C88F11 /* RPMockImageUploaderViewModel.m in Sources */,
				C78E33821901B75200C88F11 /* RPPImageUploaderSpec.m in Sources */,
				C78E33881901F51A00C88F11 /* RPImageUploaderViewModel.m in Sources */,
				C78E33871901F4BF00C88F11 /* RPImageUploaderViewModelSpec.m in Sources */,
				C78E33891901F51D00C88F11 /* RPImageUploader.m in Sources */,
			);
			runOnlyForDeploymentPostprocessing = 0;
		};
/* End PBXSourcesBuildPhase section */

/* Begin PBXTargetDependency section */
		C7D239D11901B3C40079ACEA /* PBXTargetDependency */ = {
			isa = PBXTargetDependency;
			target = C785CFAC18F89EFE00F8AC16 /* Example */;
			targetProxy = C7D239D01901B3C40079ACEA /* PBXContainerItemProxy */;
		};
/* End PBXTargetDependency section */

/* Begin XCBuildConfiguration section */
		C785CFD718F89EFF00F8AC16 /* Debug */ = {
			isa = XCBuildConfiguration;
			buildSettings = {
				ALWAYS_SEARCH_USER_PATHS = NO;
				CLANG_CXX_LANGUAGE_STANDARD = "gnu++0x";
				CLANG_CXX_LIBRARY = "libc++";
				CLANG_ENABLE_MODULES = YES;
				CLANG_ENABLE_OBJC_ARC = YES;
				CLANG_WARN_BOOL_CONVERSION = YES;
				CLANG_WARN_CONSTANT_CONVERSION = YES;
				CLANG_WARN_DEPRECATED_OBJC_IMPLEMENTATIONS = YES;
				CLANG_WARN_DIRECT_OBJC_ISA_USAGE = YES_ERROR;
				CLANG_WARN_EMPTY_BODY = YES;
				CLANG_WARN_ENUM_CONVERSION = YES;
				CLANG_WARN_IMPLICIT_SIGN_CONVERSION = YES;
				CLANG_WARN_INT_CONVERSION = YES;
				CLANG_WARN_OBJC_IMPLICIT_RETAIN_SELF = YES;
				CLANG_WARN_OBJC_ROOT_CLASS = YES_ERROR;
				CLANG_WARN_SUSPICIOUS_IMPLICIT_CONVERSION = YES;
				CLANG_WARN__DUPLICATE_METHOD_MATCH = YES;
				"CODE_SIGN_IDENTITY[sdk=iphoneos*]" = "iPhone Developer";
				COPY_PHASE_STRIP = NO;
				GCC_C_LANGUAGE_STANDARD = gnu99;
				GCC_DYNAMIC_NO_PIC = NO;
				GCC_OPTIMIZATION_LEVEL = 0;
				GCC_PREPROCESSOR_DEFINITIONS = (
					"DEBUG=1",
					"$(inherited)",
				);
				GCC_SYMBOLS_PRIVATE_EXTERN = NO;
				GCC_WARN_64_TO_32_BIT_CONVERSION = YES;
				GCC_WARN_ABOUT_DEPRECATED_FUNCTIONS = YES;
				GCC_WARN_ABOUT_MISSING_FIELD_INITIALIZERS = YES;
				GCC_WARN_ABOUT_MISSING_NEWLINE = YES;
				GCC_WARN_ABOUT_RETURN_TYPE = YES;
				GCC_WARN_CHECK_SWITCH_STATEMENTS = YES;
				GCC_WARN_INITIALIZER_NOT_FULLY_BRACKETED = YES;
				GCC_WARN_MISSING_PARENTHESES = YES;
				GCC_WARN_SHADOW = YES;
				GCC_WARN_SIGN_COMPARE = YES;
				GCC_WARN_TYPECHECK_CALLS_TO_PRINTF = YES;
				GCC_WARN_UNDECLARED_SELECTOR = YES;
				GCC_WARN_UNINITIALIZED_AUTOS = YES_AGGRESSIVE;
				GCC_WARN_UNUSED_FUNCTION = YES;
				GCC_WARN_UNUSED_LABEL = YES;
				GCC_WARN_UNUSED_VALUE = YES;
				GCC_WARN_UNUSED_VARIABLE = YES;
				IPHONEOS_DEPLOYMENT_TARGET = 7.1;
				ONLY_ACTIVE_ARCH = YES;
				SDKROOT = iphoneos;
			};
			name = Debug;
		};
		C785CFD818F89EFF00F8AC16 /* Release */ = {
			isa = XCBuildConfiguration;
			buildSettings = {
				ALWAYS_SEARCH_USER_PATHS = NO;
				CLANG_CXX_LANGUAGE_STANDARD = "gnu++0x";
				CLANG_CXX_LIBRARY = "libc++";
				CLANG_ENABLE_MODULES = YES;
				CLANG_ENABLE_OBJC_ARC = YES;
				CLANG_WARN_BOOL_CONVERSION = YES;
				CLANG_WARN_CONSTANT_CONVERSION = YES;
				CLANG_WARN_DEPRECATED_OBJC_IMPLEMENTATIONS = YES;
				CLANG_WARN_DIRECT_OBJC_ISA_USAGE = YES_ERROR;
				CLANG_WARN_EMPTY_BODY = YES;
				CLANG_WARN_ENUM_CONVERSION = YES;
				CLANG_WARN_IMPLICIT_SIGN_CONVERSION = YES;
				CLANG_WARN_INT_CONVERSION = YES;
				CLANG_WARN_OBJC_IMPLICIT_RETAIN_SELF = YES;
				CLANG_WARN_OBJC_ROOT_CLASS = YES_ERROR;
				CLANG_WARN_SUSPICIOUS_IMPLICIT_CONVERSION = YES;
				CLANG_WARN__DUPLICATE_METHOD_MATCH = YES;
				"CODE_SIGN_IDENTITY[sdk=iphoneos*]" = "iPhone Developer";
				COPY_PHASE_STRIP = YES;
				ENABLE_NS_ASSERTIONS = NO;
				GCC_C_LANGUAGE_STANDARD = gnu99;
				GCC_WARN_64_TO_32_BIT_CONVERSION = YES;
				GCC_WARN_ABOUT_DEPRECATED_FUNCTIONS = YES;
				GCC_WARN_ABOUT_MISSING_FIELD_INITIALIZERS = YES;
				GCC_WARN_ABOUT_MISSING_NEWLINE = YES;
				GCC_WARN_ABOUT_RETURN_TYPE = YES;
				GCC_WARN_CHECK_SWITCH_STATEMENTS = YES;
				GCC_WARN_INITIALIZER_NOT_FULLY_BRACKETED = YES;
				GCC_WARN_MISSING_PARENTHESES = YES;
				GCC_WARN_SHADOW = YES;
				GCC_WARN_SIGN_COMPARE = YES;
				GCC_WARN_TYPECHECK_CALLS_TO_PRINTF = YES;
				GCC_WARN_UNDECLARED_SELECTOR = YES;
				GCC_WARN_UNINITIALIZED_AUTOS = YES_AGGRESSIVE;
				GCC_WARN_UNUSED_FUNCTION = YES;
				GCC_WARN_UNUSED_LABEL = YES;
				GCC_WARN_UNUSED_VALUE = YES;
				GCC_WARN_UNUSED_VARIABLE = YES;
				IPHONEOS_DEPLOYMENT_TARGET = 7.1;
				SDKROOT = iphoneos;
				VALIDATE_PRODUCT = YES;
			};
			name = Release;
		};
		C785CFDA18F89EFF00F8AC16 /* Debug */ = {
			isa = XCBuildConfiguration;
			baseConfigurationReference = 151D9C0A4E7F4D57B30A5AAD /* Pods.xcconfig */;
			buildSettings = {
				ASSETCATALOG_COMPILER_APPICON_NAME = AppIcon;
				ASSETCATALOG_COMPILER_LAUNCHIMAGE_NAME = LaunchImage;
				GCC_PRECOMPILE_PREFIX_HEADER = YES;
				GCC_PREFIX_HEADER = "Example/Supporting Files/Example-Prefix.pch";
				INFOPLIST_FILE = "Example/Supporting Files/Example-Info.plist";
				PRODUCT_NAME = "$(TARGET_NAME)";
				WRAPPER_EXTENSION = app;
			};
			name = Debug;
		};
		C785CFDB18F89EFF00F8AC16 /* Release */ = {
			isa = XCBuildConfiguration;
			baseConfigurationReference = 151D9C0A4E7F4D57B30A5AAD /* Pods.xcconfig */;
			buildSettings = {
				ASSETCATALOG_COMPILER_APPICON_NAME = AppIcon;
				ASSETCATALOG_COMPILER_LAUNCHIMAGE_NAME = LaunchImage;
				GCC_PRECOMPILE_PREFIX_HEADER = YES;
				GCC_PREFIX_HEADER = "Example/Supporting Files/Example-Prefix.pch";
				GCC_TREAT_WARNINGS_AS_ERRORS = YES;
				INFOPLIST_FILE = "Example/Supporting Files/Example-Info.plist";
				PRODUCT_NAME = "$(TARGET_NAME)";
				WRAPPER_EXTENSION = app;
			};
			name = Release;
		};
		C7D239D31901B3C40079ACEA /* Debug */ = {
			isa = XCBuildConfiguration;
			baseConfigurationReference = FB232E86C22D4EB28DABDA52 /* Pods-ExampleTests.xcconfig */;
			buildSettings = {
				BUNDLE_LOADER = "$(BUILT_PRODUCTS_DIR)/Example.app/Example";
				FRAMEWORK_SEARCH_PATHS = (
					"$(SDKROOT)/Developer/Library/Frameworks",
					"$(inherited)",
					"$(DEVELOPER_FRAMEWORKS_DIR)",
				);
				GCC_PRECOMPILE_PREFIX_HEADER = YES;
				GCC_PREFIX_HEADER = "Example/Supporting Files/Example-Prefix.pch";
				GCC_PREPROCESSOR_DEFINITIONS = (
					"DEBUG=1",
					"$(inherited)",
				);
				GCC_WARN_ABOUT_RETURN_TYPE = YES_ERROR;
				INFOPLIST_FILE = "ExampleTests/Supporting Files/ExampleTests-Info.plist";
				OTHER_LDFLAGS = (
					"-ObjC",
					"-framework",
					SenTestingKit,
				);
				PRODUCT_NAME = "$(TARGET_NAME)";
				TEST_HOST = "$(BUNDLE_LOADER)";
				WRAPPER_EXTENSION = xctest;
			};
			name = Debug;
		};
		C7D239D41901B3C40079ACEA /* Release */ = {
			isa = XCBuildConfiguration;
			baseConfigurationReference = FB232E86C22D4EB28DABDA52 /* Pods-ExampleTests.xcconfig */;
			buildSettings = {
				BUNDLE_LOADER = "$(BUILT_PRODUCTS_DIR)/Example.app/Example";
				FRAMEWORK_SEARCH_PATHS = (
					"$(SDKROOT)/Developer/Library/Frameworks",
					"$(inherited)",
					"$(DEVELOPER_FRAMEWORKS_DIR)",
				);
				GCC_PRECOMPILE_PREFIX_HEADER = YES;
				GCC_PREFIX_HEADER = "Example/Supporting Files/Example-Prefix.pch";
				GCC_WARN_ABOUT_RETURN_TYPE = YES_ERROR;
				INFOPLIST_FILE = "ExampleTests/Supporting Files/ExampleTests-Info.plist";
				OTHER_LDFLAGS = (
					"-ObjC",
					"-framework",
					SenTestingKit,
				);
				PRODUCT_NAME = "$(TARGET_NAME)";
				TEST_HOST = "$(BUNDLE_LOADER)";
				WRAPPER_EXTENSION = xctest;
			};
			name = Release;
		};
/* End XCBuildConfiguration section */

/* Begin XCConfigurationList section */
		C785CFA818F89EFE00F8AC16 /* Build configuration list for PBXProject "Example" */ = {
			isa = XCConfigurationList;
			buildConfigurations = (
				C785CFD718F89EFF00F8AC16 /* Debug */,
				C785CFD818F89EFF00F8AC16 /* Release */,
			);
			defaultConfigurationIsVisible = 0;
			defaultConfigurationName = Release;
		};
		C785CFD918F89EFF00F8AC16 /* Build configuration list for PBXNativeTarget "Example" */ = {
			isa = XCConfigurationList;
			buildConfigurations = (
				C785CFDA18F89EFF00F8AC16 /* Debug */,
				C785CFDB18F89EFF00F8AC16 /* Release */,
			);
			defaultConfigurationIsVisible = 0;
			defaultConfigurationName = Release;
		};
		C7D239D21901B3C40079ACEA /* Build configuration list for PBXNativeTarget "ExampleTests" */ = {
			isa = XCConfigurationList;
			buildConfigurations = (
				C7D239D31901B3C40079ACEA /* Debug */,
				C7D239D41901B3C40079ACEA /* Release */,
			);
			defaultConfigurationIsVisible = 0;
			defaultConfigurationName = Release;
		};
/* End XCConfigurationList section */
	};
	rootObject = C785CFA518F89EFE00F8AC16 /* Project object */;
}
